// !$*UTF8*$!
{
	archiveVersion = 1;
	classes = {
	};
	objectVersion = 56;
	objects = {

/* Begin PBXBuildFile section */
		212662A62B3065C900B5D8AD /* NoResultView.swift in Sources */ = {isa = PBXBuildFile; fileRef = 212662A52B3065C900B5D8AD /* NoResultView.swift */; };
		2146DE5F2B2F37DE00219ADA /* SearchViewController.swift in Sources */ = {isa = PBXBuildFile; fileRef = 2146DE5E2B2F37DE00219ADA /* SearchViewController.swift */; };
		2146DE642B2F486200219ADA /* CategoryCollectionViewCell.swift in Sources */ = {isa = PBXBuildFile; fileRef = 2146DE632B2F486200219ADA /* CategoryCollectionViewCell.swift */; };
		2146DE662B2F486E00219ADA /* ProductsCollectionViewCell.swift in Sources */ = {isa = PBXBuildFile; fileRef = 2146DE652B2F486E00219ADA /* ProductsCollectionViewCell.swift */; };
		2146DE6B2B2F4A4D00219ADA /* CategoryModel.swift in Sources */ = {isa = PBXBuildFile; fileRef = 2146DE6A2B2F4A4D00219ADA /* CategoryModel.swift */; };
		219D997B2B32F5DC00151AF4 /* CartItem.swift in Sources */ = {isa = PBXBuildFile; fileRef = 219D997A2B32F5DC00151AF4 /* CartItem.swift */; };
		21D3EC8E2B2D9A5D00C89055 /* AppDelegate.swift in Sources */ = {isa = PBXBuildFile; fileRef = 21D3EC8D2B2D9A5D00C89055 /* AppDelegate.swift */; };
		21D3EC902B2D9A5D00C89055 /* SceneDelegate.swift in Sources */ = {isa = PBXBuildFile; fileRef = 21D3EC8F2B2D9A5D00C89055 /* SceneDelegate.swift */; };
		21D3EC972B2D9A5F00C89055 /* Assets.xcassets in Resources */ = {isa = PBXBuildFile; fileRef = 21D3EC962B2D9A5F00C89055 /* Assets.xcassets */; };
		21D3EC9A2B2D9A5F00C89055 /* LaunchScreen.storyboard in Resources */ = {isa = PBXBuildFile; fileRef = 21D3EC982B2D9A5F00C89055 /* LaunchScreen.storyboard */; };
		21D3ECA72B2DA77C00C89055 /* AppCoordinator.swift in Sources */ = {isa = PBXBuildFile; fileRef = 21D3ECA62B2DA77C00C89055 /* AppCoordinator.swift */; };
		21D3ECAB2B2DA88A00C89055 /* MainTabBarController.swift in Sources */ = {isa = PBXBuildFile; fileRef = 21D3ECAA2B2DA88A00C89055 /* MainTabBarController.swift */; };
		21D3ECAF2B2DAA5800C89055 /* SizeConstants.swift in Sources */ = {isa = PBXBuildFile; fileRef = 21D3ECAE2B2DAA5800C89055 /* SizeConstants.swift */; };
		21D3ECB22B2DB1B300C89055 /* ColorConstants.swift in Sources */ = {isa = PBXBuildFile; fileRef = 21D3ECB12B2DB1B300C89055 /* ColorConstants.swift */; };
		21D3ECB92B2DD60D00C89055 /* MainViewController.swift in Sources */ = {isa = PBXBuildFile; fileRef = 21D3ECB82B2DD60D00C89055 /* MainViewController.swift */; };
		21D3ECBB2B2DD61C00C89055 /* BasketViewController.swift in Sources */ = {isa = PBXBuildFile; fileRef = 21D3ECBA2B2DD61C00C89055 /* BasketViewController.swift */; };
		21D3ECBD2B2DD62400C89055 /* StoryViewController.swift in Sources */ = {isa = PBXBuildFile; fileRef = 21D3ECBC2B2DD62400C89055 /* StoryViewController.swift */; };
		21D3ECBF2B2DD62A00C89055 /* InfoViewController.swift in Sources */ = {isa = PBXBuildFile; fileRef = 21D3ECBE2B2DD62A00C89055 /* InfoViewController.swift */; };
		21D3ECC12B2DD6E600C89055 /* NetworkLayer.swift in Sources */ = {isa = PBXBuildFile; fileRef = 21D3ECC02B2DD6E600C89055 /* NetworkLayer.swift */; };
		21D3ECC32B2DD71B00C89055 /* NetworkAPI.swift in Sources */ = {isa = PBXBuildFile; fileRef = 21D3ECC22B2DD71B00C89055 /* NetworkAPI.swift */; };
		21D3ECC52B2DFE9A00C89055 /* ProductModel.swift in Sources */ = {isa = PBXBuildFile; fileRef = 21D3ECC42B2DFE9A00C89055 /* ProductModel.swift */; };
		21D3ECC72B2DFF2300C89055 /* ProductCategoryModel.swift in Sources */ = {isa = PBXBuildFile; fileRef = 21D3ECC62B2DFF2300C89055 /* ProductCategoryModel.swift */; };
		21D3ECCA2B2E04FF00C89055 /* DecodeHelper.swift in Sources */ = {isa = PBXBuildFile; fileRef = 21D3ECC92B2E04FF00C89055 /* DecodeHelper.swift */; };
		21D3ECCC2B2E065F00C89055 /* ProductCategoryCollectionViewCell.swift in Sources */ = {isa = PBXBuildFile; fileRef = 21D3ECCB2B2E065F00C89055 /* ProductCategoryCollectionViewCell.swift */; };
		21D3ECCF2B2E0FCC00C89055 /* ReuseIdentifying.swift in Sources */ = {isa = PBXBuildFile; fileRef = 21D3ECCE2B2E0FCC00C89055 /* ReuseIdentifying.swift */; };
		6FCF9DAABEE505DE1832CA82 /* Pods_Eco_Market.framework in Frameworks */ = {isa = PBXBuildFile; fileRef = 95B48C3807FE62E3B282D343 /* Pods_Eco_Market.framework */; };
/* End PBXBuildFile section */

/* Begin PBXFileReference section */
		1ADA8F1D7206A711395C6ADE /* Pods-Eco-Market.release.xcconfig */ = {isa = PBXFileReference; includeInIndex = 1; lastKnownFileType = text.xcconfig; name = "Pods-Eco-Market.release.xcconfig"; path = "Target Support Files/Pods-Eco-Market/Pods-Eco-Market.release.xcconfig"; sourceTree = "<group>"; };
		212662A52B3065C900B5D8AD /* NoResultView.swift */ = {isa = PBXFileReference; lastKnownFileType = sourcecode.swift; path = NoResultView.swift; sourceTree = "<group>"; };
		2146DE5E2B2F37DE00219ADA /* SearchViewController.swift */ = {isa = PBXFileReference; lastKnownFileType = sourcecode.swift; path = SearchViewController.swift; sourceTree = "<group>"; };
		2146DE632B2F486200219ADA /* CategoryCollectionViewCell.swift */ = {isa = PBXFileReference; lastKnownFileType = sourcecode.swift; path = CategoryCollectionViewCell.swift; sourceTree = "<group>"; };
		2146DE652B2F486E00219ADA /* ProductsCollectionViewCell.swift */ = {isa = PBXFileReference; lastKnownFileType = sourcecode.swift; path = ProductsCollectionViewCell.swift; sourceTree = "<group>"; };
		2146DE6A2B2F4A4D00219ADA /* CategoryModel.swift */ = {isa = PBXFileReference; lastKnownFileType = sourcecode.swift; path = CategoryModel.swift; sourceTree = "<group>"; };
		219D997A2B32F5DC00151AF4 /* CartItem.swift */ = {isa = PBXFileReference; lastKnownFileType = sourcecode.swift; path = CartItem.swift; sourceTree = "<group>"; };
		21D3EC8A2B2D9A5D00C89055 /* Eco-Market.app */ = {isa = PBXFileReference; explicitFileType = wrapper.application; includeInIndex = 0; path = "Eco-Market.app"; sourceTree = BUILT_PRODUCTS_DIR; };
		21D3EC8D2B2D9A5D00C89055 /* AppDelegate.swift */ = {isa = PBXFileReference; lastKnownFileType = sourcecode.swift; path = AppDelegate.swift; sourceTree = "<group>"; };
		21D3EC8F2B2D9A5D00C89055 /* SceneDelegate.swift */ = {isa = PBXFileReference; lastKnownFileType = sourcecode.swift; path = SceneDelegate.swift; sourceTree = "<group>"; };
		21D3EC962B2D9A5F00C89055 /* Assets.xcassets */ = {isa = PBXFileReference; lastKnownFileType = folder.assetcatalog; path = Assets.xcassets; sourceTree = "<group>"; };
		21D3EC992B2D9A5F00C89055 /* Base */ = {isa = PBXFileReference; lastKnownFileType = file.storyboard; name = Base; path = Base.lproj/LaunchScreen.storyboard; sourceTree = "<group>"; };
		21D3EC9B2B2D9A5F00C89055 /* Info.plist */ = {isa = PBXFileReference; lastKnownFileType = text.plist.xml; path = Info.plist; sourceTree = "<group>"; };
		21D3ECA62B2DA77C00C89055 /* AppCoordinator.swift */ = {isa = PBXFileReference; lastKnownFileType = sourcecode.swift; path = AppCoordinator.swift; sourceTree = "<group>"; };
		21D3ECAA2B2DA88A00C89055 /* MainTabBarController.swift */ = {isa = PBXFileReference; lastKnownFileType = sourcecode.swift; path = MainTabBarController.swift; sourceTree = "<group>"; };
		21D3ECAE2B2DAA5800C89055 /* SizeConstants.swift */ = {isa = PBXFileReference; lastKnownFileType = sourcecode.swift; path = SizeConstants.swift; sourceTree = "<group>"; };
		21D3ECB12B2DB1B300C89055 /* ColorConstants.swift */ = {isa = PBXFileReference; lastKnownFileType = sourcecode.swift; path = ColorConstants.swift; sourceTree = "<group>"; };
		21D3ECB82B2DD60D00C89055 /* MainViewController.swift */ = {isa = PBXFileReference; lastKnownFileType = sourcecode.swift; path = MainViewController.swift; sourceTree = "<group>"; };
		21D3ECBA2B2DD61C00C89055 /* BasketViewController.swift */ = {isa = PBXFileReference; lastKnownFileType = sourcecode.swift; path = BasketViewController.swift; sourceTree = "<group>"; };
		21D3ECBC2B2DD62400C89055 /* StoryViewController.swift */ = {isa = PBXFileReference; lastKnownFileType = sourcecode.swift; path = StoryViewController.swift; sourceTree = "<group>"; };
		21D3ECBE2B2DD62A00C89055 /* InfoViewController.swift */ = {isa = PBXFileReference; lastKnownFileType = sourcecode.swift; path = InfoViewController.swift; sourceTree = "<group>"; };
		21D3ECC02B2DD6E600C89055 /* NetworkLayer.swift */ = {isa = PBXFileReference; lastKnownFileType = sourcecode.swift; path = NetworkLayer.swift; sourceTree = "<group>"; };
		21D3ECC22B2DD71B00C89055 /* NetworkAPI.swift */ = {isa = PBXFileReference; lastKnownFileType = sourcecode.swift; path = NetworkAPI.swift; sourceTree = "<group>"; };
		21D3ECC42B2DFE9A00C89055 /* ProductModel.swift */ = {isa = PBXFileReference; lastKnownFileType = sourcecode.swift; path = ProductModel.swift; sourceTree = "<group>"; };
		21D3ECC62B2DFF2300C89055 /* ProductCategoryModel.swift */ = {isa = PBXFileReference; lastKnownFileType = sourcecode.swift; path = ProductCategoryModel.swift; sourceTree = "<group>"; };
		21D3ECC92B2E04FF00C89055 /* DecodeHelper.swift */ = {isa = PBXFileReference; lastKnownFileType = sourcecode.swift; path = DecodeHelper.swift; sourceTree = "<group>"; };
		21D3ECCB2B2E065F00C89055 /* ProductCategoryCollectionViewCell.swift */ = {isa = PBXFileReference; lastKnownFileType = sourcecode.swift; path = ProductCategoryCollectionViewCell.swift; sourceTree = "<group>"; };
		21D3ECCE2B2E0FCC00C89055 /* ReuseIdentifying.swift */ = {isa = PBXFileReference; lastKnownFileType = sourcecode.swift; path = ReuseIdentifying.swift; sourceTree = "<group>"; };
		95B48C3807FE62E3B282D343 /* Pods_Eco_Market.framework */ = {isa = PBXFileReference; explicitFileType = wrapper.framework; includeInIndex = 0; path = Pods_Eco_Market.framework; sourceTree = BUILT_PRODUCTS_DIR; };
		9F03281048435568C3B11EFC /* Pods-Eco-Market.debug.xcconfig */ = {isa = PBXFileReference; includeInIndex = 1; lastKnownFileType = text.xcconfig; name = "Pods-Eco-Market.debug.xcconfig"; path = "Target Support Files/Pods-Eco-Market/Pods-Eco-Market.debug.xcconfig"; sourceTree = "<group>"; };
/* End PBXFileReference section */

/* Begin PBXFrameworksBuildPhase section */
		21D3EC872B2D9A5D00C89055 /* Frameworks */ = {
			isa = PBXFrameworksBuildPhase;
			buildActionMask = 2147483647;
			files = (
				6FCF9DAABEE505DE1832CA82 /* Pods_Eco_Market.framework in Frameworks */,
			);
			runOnlyForDeploymentPostprocessing = 0;
		};
/* End PBXFrameworksBuildPhase section */

/* Begin PBXGroup section */
		212662A42B3065A600B5D8AD /* CustomViews */ = {
			isa = PBXGroup;
			children = (
				212662A52B3065C900B5D8AD /* NoResultView.swift */,
			);
			path = CustomViews;
			sourceTree = "<group>";
		};
		2146DE5D2B2F37AD00219ADA /* SearchScreen  */ = {
			isa = PBXGroup;
			children = (
				2146DE5E2B2F37DE00219ADA /* SearchViewController.swift */,
			);
			path = "SearchScreen ";
			sourceTree = "<group>";
		};
		2146DE602B2F47A800219ADA /* CategoryCellOnMainVC */ = {
			isa = PBXGroup;
			children = (
				21D3ECCB2B2E065F00C89055 /* ProductCategoryCollectionViewCell.swift */,
			);
			path = CategoryCellOnMainVC;
			sourceTree = "<group>";
		};
		2146DE612B2F47CE00219ADA /* CategoryCellOnSearchVC */ = {
			isa = PBXGroup;
			children = (
				2146DE632B2F486200219ADA /* CategoryCollectionViewCell.swift */,
			);
			path = CategoryCellOnSearchVC;
			sourceTree = "<group>";
		};
		2146DE622B2F47E800219ADA /* ProductCell */ = {
			isa = PBXGroup;
			children = (
				2146DE652B2F486E00219ADA /* ProductsCollectionViewCell.swift */,
			);
			path = ProductCell;
			sourceTree = "<group>";
		};
		2146DE672B2F4A1100219ADA /* NetworkModels */ = {
			isa = PBXGroup;
			children = (
				21D3ECC42B2DFE9A00C89055 /* ProductModel.swift */,
				21D3ECC62B2DFF2300C89055 /* ProductCategoryModel.swift */,
			);
			path = NetworkModels;
			sourceTree = "<group>";
		};
		2146DE682B2F4A2A00219ADA /* LocalModel */ = {
			isa = PBXGroup;
			children = (
				2146DE6A2B2F4A4D00219ADA /* CategoryModel.swift */,
			);
			path = LocalModel;
			sourceTree = "<group>";
		};
		219D99792B32F5B900151AF4 /* RealmModel  */ = {
			isa = PBXGroup;
			children = (
				219D997A2B32F5DC00151AF4 /* CartItem.swift */,
			);
			path = "RealmModel ";
			sourceTree = "<group>";
		};
		21D3EC812B2D9A5D00C89055 = {
			isa = PBXGroup;
			children = (
				21D3EC8C2B2D9A5D00C89055 /* Eco-Market */,
				21D3EC8B2B2D9A5D00C89055 /* Products */,
				B333179657293113561334DB /* Pods */,
				546C46D551BCBFCD125D5B43 /* Frameworks */,
			);
			sourceTree = "<group>";
		};
		21D3EC8B2B2D9A5D00C89055 /* Products */ = {
			isa = PBXGroup;
			children = (
				21D3EC8A2B2D9A5D00C89055 /* Eco-Market.app */,
			);
			name = Products;
			sourceTree = "<group>";
		};
		21D3EC8C2B2D9A5D00C89055 /* Eco-Market */ = {
			isa = PBXGroup;
			children = (
				21D3ECA12B2DA32300C89055 /* Application  */,
				21D3ECA22B2DA34B00C89055 /* Common */,
				21D3ECA82B2DA7BB00C89055 /* Controllers */,
				21D3ECC82B2E04DC00C89055 /* Helpers */,
				21D3ECA32B2DA37400C89055 /* Models */,
				21D3ECA52B2DA3CE00C89055 /* Networking */,
				21D3ECA42B2DA38900C89055 /* Resources */,
				21D3ECA92B2DA7C600C89055 /* Views */,
			);
			path = "Eco-Market";
			sourceTree = "<group>";
		};
		21D3ECA12B2DA32300C89055 /* Application  */ = {
			isa = PBXGroup;
			children = (
				21D3EC8F2B2D9A5D00C89055 /* SceneDelegate.swift */,
				21D3EC8D2B2D9A5D00C89055 /* AppDelegate.swift */,
				21D3ECA62B2DA77C00C89055 /* AppCoordinator.swift */,
			);
			path = "Application ";
			sourceTree = "<group>";
		};
		21D3ECA22B2DA34B00C89055 /* Common */ = {
			isa = PBXGroup;
			children = (
				21D3ECCD2B2E0FAB00C89055 /* Extensions */,
				21D3ECB02B2DB1AC00C89055 /* ColorConstants */,
				21D3ECAD2B2DAA4800C89055 /* SizeConstants */,
			);
			path = Common;
			sourceTree = "<group>";
		};
		21D3ECA32B2DA37400C89055 /* Models */ = {
			isa = PBXGroup;
			children = (
				219D99792B32F5B900151AF4 /* RealmModel  */,
				2146DE672B2F4A1100219ADA /* NetworkModels */,
				2146DE682B2F4A2A00219ADA /* LocalModel */,
			);
			path = Models;
			sourceTree = "<group>";
		};
		21D3ECA42B2DA38900C89055 /* Resources */ = {
			isa = PBXGroup;
			children = (
				21D3EC9B2B2D9A5F00C89055 /* Info.plist */,
				21D3EC982B2D9A5F00C89055 /* LaunchScreen.storyboard */,
				21D3EC962B2D9A5F00C89055 /* Assets.xcassets */,
			);
			path = Resources;
			sourceTree = "<group>";
		};
		21D3ECA52B2DA3CE00C89055 /* Networking */ = {
			isa = PBXGroup;
			children = (
				21D3ECC02B2DD6E600C89055 /* NetworkLayer.swift */,
				21D3ECC22B2DD71B00C89055 /* NetworkAPI.swift */,
			);
			path = Networking;
			sourceTree = "<group>";
		};
		21D3ECA82B2DA7BB00C89055 /* Controllers */ = {
			isa = PBXGroup;
			children = (
				2146DE5D2B2F37AD00219ADA /* SearchScreen  */,
				21D3ECB72B2DD53300C89055 /* InfoScreen  */,
				21D3ECB62B2DD52200C89055 /* StoryScreen */,
				21D3ECB52B2DD4FE00C89055 /* BasketScreen */,
				21D3ECB32B2DD4E800C89055 /* MainScreen */,
				21D3ECAC2B2DA89600C89055 /* MainTabBarController */,
			);
			path = Controllers;
			sourceTree = "<group>";
		};
		21D3ECA92B2DA7C600C89055 /* Views */ = {
			isa = PBXGroup;
			children = (
				212662A42B3065A600B5D8AD /* CustomViews */,
				2146DE622B2F47E800219ADA /* ProductCell */,
				2146DE612B2F47CE00219ADA /* CategoryCellOnSearchVC */,
				2146DE602B2F47A800219ADA /* CategoryCellOnMainVC */,
			);
			path = Views;
			sourceTree = "<group>";
		};
		21D3ECAC2B2DA89600C89055 /* MainTabBarController */ = {
			isa = PBXGroup;
			children = (
				21D3ECAA2B2DA88A00C89055 /* MainTabBarController.swift */,
			);
			path = MainTabBarController;
			sourceTree = "<group>";
		};
		21D3ECAD2B2DAA4800C89055 /* SizeConstants */ = {
			isa = PBXGroup;
			children = (
				21D3ECAE2B2DAA5800C89055 /* SizeConstants.swift */,
			);
			path = SizeConstants;
			sourceTree = "<group>";
		};
		21D3ECB02B2DB1AC00C89055 /* ColorConstants */ = {
			isa = PBXGroup;
			children = (
				21D3ECB12B2DB1B300C89055 /* ColorConstants.swift */,
			);
			path = ColorConstants;
			sourceTree = "<group>";
		};
		21D3ECB32B2DD4E800C89055 /* MainScreen */ = {
			isa = PBXGroup;
			children = (
				21D3ECB82B2DD60D00C89055 /* MainViewController.swift */,
			);
			path = MainScreen;
			sourceTree = "<group>";
		};
		21D3ECB52B2DD4FE00C89055 /* BasketScreen */ = {
			isa = PBXGroup;
			children = (
				21D3ECBA2B2DD61C00C89055 /* BasketViewController.swift */,
			);
			path = BasketScreen;
			sourceTree = "<group>";
		};
		21D3ECB62B2DD52200C89055 /* StoryScreen */ = {
			isa = PBXGroup;
			children = (
				21D3ECBC2B2DD62400C89055 /* StoryViewController.swift */,
			);
			path = StoryScreen;
			sourceTree = "<group>";
		};
		21D3ECB72B2DD53300C89055 /* InfoScreen  */ = {
			isa = PBXGroup;
			children = (
				21D3ECBE2B2DD62A00C89055 /* InfoViewController.swift */,
			);
			path = "InfoScreen ";
			sourceTree = "<group>";
		};
		21D3ECC82B2E04DC00C89055 /* Helpers */ = {
			isa = PBXGroup;
			children = (
				21D3ECC92B2E04FF00C89055 /* DecodeHelper.swift */,
			);
			path = Helpers;
			sourceTree = "<group>";
		};
		21D3ECCD2B2E0FAB00C89055 /* Extensions */ = {
			isa = PBXGroup;
			children = (
				21D3ECCE2B2E0FCC00C89055 /* ReuseIdentifying.swift */,
			);
			path = Extensions;
			sourceTree = "<group>";
		};
		546C46D551BCBFCD125D5B43 /* Frameworks */ = {
			isa = PBXGroup;
			children = (
				95B48C3807FE62E3B282D343 /* Pods_Eco_Market.framework */,
			);
			name = Frameworks;
			sourceTree = "<group>";
		};
		B333179657293113561334DB /* Pods */ = {
			isa = PBXGroup;
			children = (
				9F03281048435568C3B11EFC /* Pods-Eco-Market.debug.xcconfig */,
				1ADA8F1D7206A711395C6ADE /* Pods-Eco-Market.release.xcconfig */,
			);
			path = Pods;
			sourceTree = "<group>";
		};
/* End PBXGroup section */

/* Begin PBXNativeTarget section */
		21D3EC892B2D9A5D00C89055 /* Eco-Market */ = {
			isa = PBXNativeTarget;
			buildConfigurationList = 21D3EC9E2B2D9A5F00C89055 /* Build configuration list for PBXNativeTarget "Eco-Market" */;
			buildPhases = (
				E83D4687A54AC4CB1A4E8151 /* [CP] Check Pods Manifest.lock */,
				21D3EC862B2D9A5D00C89055 /* Sources */,
				21D3EC872B2D9A5D00C89055 /* Frameworks */,
				21D3EC882B2D9A5D00C89055 /* Resources */,
				9CC2715787F1C5F1B3EFCD45 /* [CP] Embed Pods Frameworks */,
			);
			buildRules = (
			);
			dependencies = (
			);
			name = "Eco-Market";
			productName = "Eco-Market";
			productReference = 21D3EC8A2B2D9A5D00C89055 /* Eco-Market.app */;
			productType = "com.apple.product-type.application";
		};
/* End PBXNativeTarget section */

/* Begin PBXProject section */
		21D3EC822B2D9A5D00C89055 /* Project object */ = {
			isa = PBXProject;
			attributes = {
				BuildIndependentTargetsInParallel = 1;
				LastSwiftUpdateCheck = 1420;
				LastUpgradeCheck = 1420;
				TargetAttributes = {
					21D3EC892B2D9A5D00C89055 = {
						CreatedOnToolsVersion = 14.2;
					};
				};
			};
			buildConfigurationList = 21D3EC852B2D9A5D00C89055 /* Build configuration list for PBXProject "Eco-Market" */;
			compatibilityVersion = "Xcode 14.0";
			developmentRegion = en;
			hasScannedForEncodings = 0;
			knownRegions = (
				en,
				Base,
			);
			mainGroup = 21D3EC812B2D9A5D00C89055;
			productRefGroup = 21D3EC8B2B2D9A5D00C89055 /* Products */;
			projectDirPath = "";
			projectRoot = "";
			targets = (
				21D3EC892B2D9A5D00C89055 /* Eco-Market */,
			);
		};
/* End PBXProject section */

/* Begin PBXResourcesBuildPhase section */
		21D3EC882B2D9A5D00C89055 /* Resources */ = {
			isa = PBXResourcesBuildPhase;
			buildActionMask = 2147483647;
			files = (
				21D3EC9A2B2D9A5F00C89055 /* LaunchScreen.storyboard in Resources */,
				21D3EC972B2D9A5F00C89055 /* Assets.xcassets in Resources */,
			);
			runOnlyForDeploymentPostprocessing = 0;
		};
/* End PBXResourcesBuildPhase section */

/* Begin PBXShellScriptBuildPhase section */
		9CC2715787F1C5F1B3EFCD45 /* [CP] Embed Pods Frameworks */ = {
			isa = PBXShellScriptBuildPhase;
			buildActionMask = 2147483647;
			files = (
			);
			inputFileListPaths = (
				"${PODS_ROOT}/Target Support Files/Pods-Eco-Market/Pods-Eco-Market-frameworks-${CONFIGURATION}-input-files.xcfilelist",
			);
			name = "[CP] Embed Pods Frameworks";
			outputFileListPaths = (
				"${PODS_ROOT}/Target Support Files/Pods-Eco-Market/Pods-Eco-Market-frameworks-${CONFIGURATION}-output-files.xcfilelist",
			);
			runOnlyForDeploymentPostprocessing = 0;
			shellPath = /bin/sh;
			shellScript = "\"${PODS_ROOT}/Target Support Files/Pods-Eco-Market/Pods-Eco-Market-frameworks.sh\"\n";
			showEnvVarsInLog = 0;
		};
		E83D4687A54AC4CB1A4E8151 /* [CP] Check Pods Manifest.lock */ = {
			isa = PBXShellScriptBuildPhase;
			buildActionMask = 2147483647;
			files = (
			);
			inputFileListPaths = (
			);
			inputPaths = (
				"${PODS_PODFILE_DIR_PATH}/Podfile.lock",
				"${PODS_ROOT}/Manifest.lock",
			);
			name = "[CP] Check Pods Manifest.lock";
			outputFileListPaths = (
			);
			outputPaths = (
				"$(DERIVED_FILE_DIR)/Pods-Eco-Market-checkManifestLockResult.txt",
			);
			runOnlyForDeploymentPostprocessing = 0;
			shellPath = /bin/sh;
			shellScript = "diff \"${PODS_PODFILE_DIR_PATH}/Podfile.lock\" \"${PODS_ROOT}/Manifest.lock\" > /dev/null\nif [ $? != 0 ] ; then\n    # print error to STDERR\n    echo \"error: The sandbox is not in sync with the Podfile.lock. Run 'pod install' or update your CocoaPods installation.\" >&2\n    exit 1\nfi\n# This output is used by Xcode 'outputs' to avoid re-running this script phase.\necho \"SUCCESS\" > \"${SCRIPT_OUTPUT_FILE_0}\"\n";
			showEnvVarsInLog = 0;
		};
/* End PBXShellScriptBuildPhase section */

/* Begin PBXSourcesBuildPhase section */
		21D3EC862B2D9A5D00C89055 /* Sources */ = {
			isa = PBXSourcesBuildPhase;
			buildActionMask = 2147483647;
			files = (
				21D3ECBD2B2DD62400C89055 /* StoryViewController.swift in Sources */,
				21D3ECC72B2DFF2300C89055 /* ProductCategoryModel.swift in Sources */,
				21D3ECC32B2DD71B00C89055 /* NetworkAPI.swift in Sources */,
				21D3ECBF2B2DD62A00C89055 /* InfoViewController.swift in Sources */,
				2146DE6B2B2F4A4D00219ADA /* CategoryModel.swift in Sources */,
				21D3ECBB2B2DD61C00C89055 /* BasketViewController.swift in Sources */,
				21D3ECA72B2DA77C00C89055 /* AppCoordinator.swift in Sources */,
				21D3ECB22B2DB1B300C89055 /* ColorConstants.swift in Sources */,
				21D3ECC12B2DD6E600C89055 /* NetworkLayer.swift in Sources */,
				21D3ECCC2B2E065F00C89055 /* ProductCategoryCollectionViewCell.swift in Sources */,
				21D3ECCF2B2E0FCC00C89055 /* ReuseIdentifying.swift in Sources */,
				2146DE642B2F486200219ADA /* CategoryCollectionViewCell.swift in Sources */,
				21D3ECAF2B2DAA5800C89055 /* SizeConstants.swift in Sources */,
				21D3ECAB2B2DA88A00C89055 /* MainTabBarController.swift in Sources */,
				2146DE5F2B2F37DE00219ADA /* SearchViewController.swift in Sources */,
				21D3ECC52B2DFE9A00C89055 /* ProductModel.swift in Sources */,
				21D3ECCA2B2E04FF00C89055 /* DecodeHelper.swift in Sources */,
				2146DE662B2F486E00219ADA /* ProductsCollectionViewCell.swift in Sources */,
				212662A62B3065C900B5D8AD /* NoResultView.swift in Sources */,
				21D3EC8E2B2D9A5D00C89055 /* AppDelegate.swift in Sources */,
				21D3EC902B2D9A5D00C89055 /* SceneDelegate.swift in Sources */,
				21D3ECB92B2DD60D00C89055 /* MainViewController.swift in Sources */,
				219D997B2B32F5DC00151AF4 /* CartItem.swift in Sources */,
			);
			runOnlyForDeploymentPostprocessing = 0;
		};
/* End PBXSourcesBuildPhase section */

/* Begin PBXVariantGroup section */
		21D3EC982B2D9A5F00C89055 /* LaunchScreen.storyboard */ = {
			isa = PBXVariantGroup;
			children = (
				21D3EC992B2D9A5F00C89055 /* Base */,
			);
			name = LaunchScreen.storyboard;
			sourceTree = "<group>";
		};
/* End PBXVariantGroup section */

/* Begin XCBuildConfiguration section */
		21D3EC9C2B2D9A5F00C89055 /* Debug */ = {
			isa = XCBuildConfiguration;
			buildSettings = {
				ALWAYS_SEARCH_USER_PATHS = NO;
				CLANG_ANALYZER_NONNULL = YES;
				CLANG_ANALYZER_NUMBER_OBJECT_CONVERSION = YES_AGGRESSIVE;
				CLANG_CXX_LANGUAGE_STANDARD = "gnu++20";
				CLANG_ENABLE_MODULES = YES;
				CLANG_ENABLE_OBJC_ARC = YES;
				CLANG_ENABLE_OBJC_WEAK = YES;
				CLANG_WARN_BLOCK_CAPTURE_AUTORELEASING = YES;
				CLANG_WARN_BOOL_CONVERSION = YES;
				CLANG_WARN_COMMA = YES;
				CLANG_WARN_CONSTANT_CONVERSION = YES;
				CLANG_WARN_DEPRECATED_OBJC_IMPLEMENTATIONS = YES;
				CLANG_WARN_DIRECT_OBJC_ISA_USAGE = YES_ERROR;
				CLANG_WARN_DOCUMENTATION_COMMENTS = YES;
				CLANG_WARN_EMPTY_BODY = YES;
				CLANG_WARN_ENUM_CONVERSION = YES;
				CLANG_WARN_INFINITE_RECURSION = YES;
				CLANG_WARN_INT_CONVERSION = YES;
				CLANG_WARN_NON_LITERAL_NULL_CONVERSION = YES;
				CLANG_WARN_OBJC_IMPLICIT_RETAIN_SELF = YES;
				CLANG_WARN_OBJC_LITERAL_CONVERSION = YES;
				CLANG_WARN_OBJC_ROOT_CLASS = YES_ERROR;
				CLANG_WARN_QUOTED_INCLUDE_IN_FRAMEWORK_HEADER = YES;
				CLANG_WARN_RANGE_LOOP_ANALYSIS = YES;
				CLANG_WARN_STRICT_PROTOTYPES = YES;
				CLANG_WARN_SUSPICIOUS_MOVE = YES;
				CLANG_WARN_UNGUARDED_AVAILABILITY = YES_AGGRESSIVE;
				CLANG_WARN_UNREACHABLE_CODE = YES;
				CLANG_WARN__DUPLICATE_METHOD_MATCH = YES;
				COPY_PHASE_STRIP = NO;
				DEBUG_INFORMATION_FORMAT = dwarf;
				ENABLE_STRICT_OBJC_MSGSEND = YES;
				ENABLE_TESTABILITY = YES;
				GCC_C_LANGUAGE_STANDARD = gnu11;
				GCC_DYNAMIC_NO_PIC = NO;
				GCC_NO_COMMON_BLOCKS = YES;
				GCC_OPTIMIZATION_LEVEL = 0;
				GCC_PREPROCESSOR_DEFINITIONS = (
					"DEBUG=1",
					"$(inherited)",
				);
				GCC_WARN_64_TO_32_BIT_CONVERSION = YES;
				GCC_WARN_ABOUT_RETURN_TYPE = YES_ERROR;
				GCC_WARN_UNDECLARED_SELECTOR = YES;
				GCC_WARN_UNINITIALIZED_AUTOS = YES_AGGRESSIVE;
				GCC_WARN_UNUSED_FUNCTION = YES;
				GCC_WARN_UNUSED_VARIABLE = YES;
				IPHONEOS_DEPLOYMENT_TARGET = 16.2;
				MTL_ENABLE_DEBUG_INFO = INCLUDE_SOURCE;
				MTL_FAST_MATH = YES;
				ONLY_ACTIVE_ARCH = YES;
				SDKROOT = iphoneos;
				SWIFT_ACTIVE_COMPILATION_CONDITIONS = DEBUG;
				SWIFT_OPTIMIZATION_LEVEL = "-Onone";
			};
			name = Debug;
		};
		21D3EC9D2B2D9A5F00C89055 /* Release */ = {
			isa = XCBuildConfiguration;
			buildSettings = {
				ALWAYS_SEARCH_USER_PATHS = NO;
				CLANG_ANALYZER_NONNULL = YES;
				CLANG_ANALYZER_NUMBER_OBJECT_CONVERSION = YES_AGGRESSIVE;
				CLANG_CXX_LANGUAGE_STANDARD = "gnu++20";
				CLANG_ENABLE_MODULES = YES;
				CLANG_ENABLE_OBJC_ARC = YES;
				CLANG_ENABLE_OBJC_WEAK = YES;
				CLANG_WARN_BLOCK_CAPTURE_AUTORELEASING = YES;
				CLANG_WARN_BOOL_CONVERSION = YES;
				CLANG_WARN_COMMA = YES;
				CLANG_WARN_CONSTANT_CONVERSION = YES;
				CLANG_WARN_DEPRECATED_OBJC_IMPLEMENTATIONS = YES;
				CLANG_WARN_DIRECT_OBJC_ISA_USAGE = YES_ERROR;
				CLANG_WARN_DOCUMENTATION_COMMENTS = YES;
				CLANG_WARN_EMPTY_BODY = YES;
				CLANG_WARN_ENUM_CONVERSION = YES;
				CLANG_WARN_INFINITE_RECURSION = YES;
				CLANG_WARN_INT_CONVERSION = YES;
				CLANG_WARN_NON_LITERAL_NULL_CONVERSION = YES;
				CLANG_WARN_OBJC_IMPLICIT_RETAIN_SELF = YES;
				CLANG_WARN_OBJC_LITERAL_CONVERSION = YES;
				CLANG_WARN_OBJC_ROOT_CLASS = YES_ERROR;
				CLANG_WARN_QUOTED_INCLUDE_IN_FRAMEWORK_HEADER = YES;
				CLANG_WARN_RANGE_LOOP_ANALYSIS = YES;
				CLANG_WARN_STRICT_PROTOTYPES = YES;
				CLANG_WARN_SUSPICIOUS_MOVE = YES;
				CLANG_WARN_UNGUARDED_AVAILABILITY = YES_AGGRESSIVE;
				CLANG_WARN_UNREACHABLE_CODE = YES;
				CLANG_WARN__DUPLICATE_METHOD_MATCH = YES;
				COPY_PHASE_STRIP = NO;
				DEBUG_INFORMATION_FORMAT = "dwarf-with-dsym";
				ENABLE_NS_ASSERTIONS = NO;
				ENABLE_STRICT_OBJC_MSGSEND = YES;
				GCC_C_LANGUAGE_STANDARD = gnu11;
				GCC_NO_COMMON_BLOCKS = YES;
				GCC_WARN_64_TO_32_BIT_CONVERSION = YES;
				GCC_WARN_ABOUT_RETURN_TYPE = YES_ERROR;
				GCC_WARN_UNDECLARED_SELECTOR = YES;
				GCC_WARN_UNINITIALIZED_AUTOS = YES_AGGRESSIVE;
				GCC_WARN_UNUSED_FUNCTION = YES;
				GCC_WARN_UNUSED_VARIABLE = YES;
				IPHONEOS_DEPLOYMENT_TARGET = 16.2;
				MTL_ENABLE_DEBUG_INFO = NO;
				MTL_FAST_MATH = YES;
				SDKROOT = iphoneos;
				SWIFT_COMPILATION_MODE = wholemodule;
				SWIFT_OPTIMIZATION_LEVEL = "-O";
				VALIDATE_PRODUCT = YES;
			};
			name = Release;
		};
		21D3EC9F2B2D9A5F00C89055 /* Debug */ = {
			isa = XCBuildConfiguration;
			baseConfigurationReference = 9F03281048435568C3B11EFC /* Pods-Eco-Market.debug.xcconfig */;
			buildSettings = {
				ASSETCATALOG_COMPILER_APPICON_NAME = AppIcon;
				ASSETCATALOG_COMPILER_GLOBAL_ACCENT_COLOR_NAME = AccentColor;
				CODE_SIGN_STYLE = Automatic;
				CURRENT_PROJECT_VERSION = 1;
				GENERATE_INFOPLIST_FILE = YES;
				INFOPLIST_FILE = "Eco-Market/Resources/Info.plist";
				INFOPLIST_KEY_UIApplicationSupportsIndirectInputEvents = YES;
				INFOPLIST_KEY_UILaunchStoryboardName = LaunchScreen;
				INFOPLIST_KEY_UISupportedInterfaceOrientations_iPad = "UIInterfaceOrientationPortrait UIInterfaceOrientationPortraitUpsideDown UIInterfaceOrientationLandscapeLeft UIInterfaceOrientationLandscapeRight";
				INFOPLIST_KEY_UISupportedInterfaceOrientations_iPhone = "UIInterfaceOrientationPortrait UIInterfaceOrientationLandscapeLeft UIInterfaceOrientationLandscapeRight";
				LD_RUNPATH_SEARCH_PATHS = (
					"$(inherited)",
					"@executable_path/Frameworks",
				);
				MARKETING_VERSION = 1.0;
				PRODUCT_BUNDLE_IDENTIFIER = "MyProject.Eco-Market";
				PRODUCT_NAME = "$(TARGET_NAME)";
				SWIFT_EMIT_LOC_STRINGS = YES;
				SWIFT_VERSION = 5.0;
				TARGETED_DEVICE_FAMILY = "1,2";
			};
			name = Debug;
		};
		21D3ECA02B2D9A5F00C89055 /* Release */ = {
			isa = XCBuildConfiguration;
			baseConfigurationReference = 1ADA8F1D7206A711395C6ADE /* Pods-Eco-Market.release.xcconfig */;
			buildSettings = {
				ASSETCATALOG_COMPILER_APPICON_NAME = AppIcon;
				ASSETCATALOG_COMPILER_GLOBAL_ACCENT_COLOR_NAME = AccentColor;
				CODE_SIGN_STYLE = Automatic;
				CURRENT_PROJECT_VERSION = 1;
				GENERATE_INFOPLIST_FILE = YES;
				INFOPLIST_FILE = "Eco-Market/Resources/Info.plist";
				INFOPLIST_KEY_UIApplicationSupportsIndirectInputEvents = YES;
				INFOPLIST_KEY_UILaunchStoryboardName = LaunchScreen;
				INFOPLIST_KEY_UISupportedInterfaceOrientations_iPad = "UIInterfaceOrientationPortrait UIInterfaceOrientationPortraitUpsideDown UIInterfaceOrientationLandscapeLeft UIInterfaceOrientationLandscapeRight";
				INFOPLIST_KEY_UISupportedInterfaceOrientations_iPhone = "UIInterfaceOrientationPortrait UIInterfaceOrientationLandscapeLeft UIInterfaceOrientationLandscapeRight";
				LD_RUNPATH_SEARCH_PATHS = (
					"$(inherited)",
					"@executable_path/Frameworks",
				);
				MARKETING_VERSION = 1.0;
				PRODUCT_BUNDLE_IDENTIFIER = "MyProject.Eco-Market";
				PRODUCT_NAME = "$(TARGET_NAME)";
				SWIFT_EMIT_LOC_STRINGS = YES;
				SWIFT_VERSION = 5.0;
				TARGETED_DEVICE_FAMILY = "1,2";
			};
			name = Release;
		};
/* End XCBuildConfiguration section */

/* Begin XCConfigurationList section */
		21D3EC852B2D9A5D00C89055 /* Build configuration list for PBXProject "Eco-Market" */ = {
			isa = XCConfigurationList;
			buildConfigurations = (
				21D3EC9C2B2D9A5F00C89055 /* Debug */,
				21D3EC9D2B2D9A5F00C89055 /* Release */,
			);
			defaultConfigurationIsVisible = 0;
			defaultConfigurationName = Release;
		};
		21D3EC9E2B2D9A5F00C89055 /* Build configuration list for PBXNativeTarget "Eco-Market" */ = {
			isa = XCConfigurationList;
			buildConfigurations = (
				21D3EC9F2B2D9A5F00C89055 /* Debug */,
				21D3ECA02B2D9A5F00C89055 /* Release */,
			);
			defaultConfigurationIsVisible = 0;
			defaultConfigurationName = Release;
		};
/* End XCConfigurationList section */
	};
	rootObject = 21D3EC822B2D9A5D00C89055 /* Project object */;
}
